
Microsoft Visual Studio Solution File, Format Version 12.00
Project("{FAE04EC0-301F-11D3-BF4B-00C04F79EFBC}") = "LongevityWorldCup", "LongevityWorldCup\LongevityWorldCup\LongevityWorldCup.csproj", "{9C088F62-2299-4835-9EAE-A513D01679ED}"
EndProject
Project("{FAE04EC0-301F-11D3-BF4B-00C04F79EFBC}") = "LongevityWorldCup.Desktop", "LongevityWorldCup\LongevityWorldCup.Desktop\LongevityWorldCup.Desktop.csproj", "{F7823CBB-7E5A-4D61-845C-02B88089A3EF}"
EndProject
Project("{FAE04EC0-301F-11D3-BF4B-00C04F79EFBC}") = "LongevityWorldCup.Browser", "LongevityWorldCup\LongevityWorldCup.Browser\LongevityWorldCup.Browser.csproj", "{0BC76217-E7FF-45A3-9E65-498C97EEF7B1}"
EndProject
Project("{9A19103F-16F7-4668-BE54-9A1E7A4F7556}") = "_build", "build\_build.csproj", "{CC363C50-26B1-4005-8C76-3C2C2FE1312E}"
EndProject
Global
	GlobalSection(SolutionConfigurationPlatforms) = preSolution
		Debug|Any CPU = Debug|Any CPU
		Release|Any CPU = Release|Any CPU
	EndGlobalSection
	GlobalSection(ProjectConfigurationPlatforms) = postSolution
		{CC363C50-26B1-4005-8C76-3C2C2FE1312E}.Debug|Any CPU.ActiveCfg = Debug|Any CPU
		{CC363C50-26B1-4005-8C76-3C2C2FE1312E}.Release|Any CPU.ActiveCfg = Release|Any CPU
		{9C088F62-2299-4835-9EAE-A513D01679ED}.Debug|Any CPU.ActiveCfg = Debug|Any CPU
		{9C088F62-2299-4835-9EAE-A513D01679ED}.Debug|Any CPU.Build.0 = Debug|Any CPU
		{9C088F62-2299-4835-9EAE-A513D01679ED}.Release|Any CPU.ActiveCfg = Release|Any CPU
		{9C088F62-2299-4835-9EAE-A513D01679ED}.Release|Any CPU.Build.0 = Release|Any CPU
		{F7823CBB-7E5A-4D61-845C-02B88089A3EF}.Debug|Any CPU.ActiveCfg = Debug|Any CPU
		{F7823CBB-7E5A-4D61-845C-02B88089A3EF}.Debug|Any CPU.Build.0 = Debug|Any CPU
		{F7823CBB-7E5A-4D61-845C-02B88089A3EF}.Release|Any CPU.ActiveCfg = Release|Any CPU
		{F7823CBB-7E5A-4D61-845C-02B88089A3EF}.Release|Any CPU.Build.0 = Release|Any CPU
		{0BC76217-E7FF-45A3-9E65-498C97EEF7B1}.Debug|Any CPU.ActiveCfg = Debug|Any CPU
		{0BC76217-E7FF-45A3-9E65-498C97EEF7B1}.Debug|Any CPU.Build.0 = Debug|Any CPU
		{0BC76217-E7FF-45A3-9E65-498C97EEF7B1}.Release|Any CPU.ActiveCfg = Release|Any CPU
		{0BC76217-E7FF-45A3-9E65-498C97EEF7B1}.Release|Any CPU.Build.0 = Release|Any CPU
	EndGlobalSection
EndGlobal
